
Microsoft Visual Studio Solution File, Format Version 12.00
# Visual Studio 15
VisualStudioVersion = 15.0.27130.2024
MinimumVisualStudioVersion = 10.0.40219.1
Project("{FAE04EC0-301F-11D3-BF4B-00C04F79EFBC}") = "TodoApi", "TodoApi\TodoApi.csproj", "{BD6245F0-B21D-4F32-96DA-39B82058E46C}"
EndProject
Global
	GlobalSection(SolutionConfigurationPlatforms) = preSolution
		Debug|Any CPU = Debug|Any CPU
		Release|Any CPU = Release|Any CPU
	EndGlobalSection
	GlobalSection(ProjectConfigurationPlatforms) = postSolution
		{BD6245F0-B21D-4F32-96DA-39B82058E46C}.Debug|Any CPU.ActiveCfg = Debug|Any CPU
		{BD6245F0-B21D-4F32-96DA-39B82058E46C}.Debug|Any CPU.Build.0 = Debug|Any CPU
		{BD6245F0-B21D-4F32-96DA-39B82058E46C}.Release|Any CPU.ActiveCfg = Release|Any CPU
		{BD6245F0-B21D-4F32-96DA-39B82058E46C}.Release|Any CPU.Build.0 = Release|Any CPU
	EndGlobalSection
	GlobalSection(SolutionProperties) = preSolution
		HideSolutionNode = FALSE
	EndGlobalSection
	GlobalSection(ExtensibilityGlobals) = postSolution
		SolutionGuid = {FF7A44E7-D243-4ABB-940A-608B188398CF}
	EndGlobalSection
EndGlobal
